
Microsoft Visual Studio Solution File, Format Version 12.00
# Visual Studio Version 16
VisualStudioVersion = 16.0.30907.101
MinimumVisualStudioVersion = 10.0.40219.1
Project("{FAE04EC0-301F-11D3-BF4B-00C04F79EFBC}") = "CustomRouteHandler", "CustomRouteHandler\CustomRouteHandler.csproj", "{C707D54F-E292-4B2B-9FA1-433D35F7E4DB}"
EndProject
Global
	GlobalSection(SolutionConfigurationPlatforms) = preSolution
		Debug|Any CPU = Debug|Any CPU
		Release|Any CPU = Release|Any CPU
	EndGlobalSection
	GlobalSection(ProjectConfigurationPlatforms) = postSolution
		{C707D54F-E292-4B2B-9FA1-433D35F7E4DB}.Debug|Any CPU.ActiveCfg = Debug|Any CPU
		{C707D54F-E292-4B2B-9FA1-433D35F7E4DB}.Debug|Any CPU.Build.0 = Debug|Any CPU
		{C707D54F-E292-4B2B-9FA1-433D35F7E4DB}.Release|Any CPU.ActiveCfg = Release|Any CPU
		{C707D54F-E292-4B2B-9FA1-433D35F7E4DB}.Release|Any CPU.Build.0 = Release|Any CPU
	EndGlobalSection
	GlobalSection(SolutionProperties) = preSolution
		HideSolutionNode = FALSE
	EndGlobalSection
	GlobalSection(ExtensibilityGlobals) = postSolution
		SolutionGuid = {CEECAC36-F3DD-4FCD-A244-35389A72584D}
	EndGlobalSection
EndGlobal
